
Microsoft Visual Studio Solution File, Format Version 12.00
# Visual Studio Version 17
VisualStudioVersion = 17.8.34330.188
MinimumVisualStudioVersion = 10.0.40219.1
Project("{9A19103F-16F7-4668-BE54-9A1E7A4F7556}") = "MAUICRUD", "MAUICRUD\MAUICRUD.csproj", "{5C60C51F-EFD1-4CAC-8F86-A927C5C14A7E}"
EndProject
Global
	GlobalSection(SolutionConfigurationPlatforms) = preSolution
		Debug|Any CPU = Debug|Any CPU
		Release|Any CPU = Release|Any CPU
	EndGlobalSection
	GlobalSection(ProjectConfigurationPlatforms) = postSolution
		{5C60C51F-EFD1-4CAC-8F86-A927C5C14A7E}.Debug|Any CPU.ActiveCfg = Debug|Any CPU
		{5C60C51F-EFD1-4CAC-8F86-A927C5C14A7E}.Debug|Any CPU.Build.0 = Debug|Any CPU
		{5C60C51F-EFD1-4CAC-8F86-A927C5C14A7E}.Debug|Any CPU.Deploy.0 = Debug|Any CPU
		{5C60C51F-EFD1-4CAC-8F86-A927C5C14A7E}.Release|Any CPU.ActiveCfg = Release|Any CPU
		{5C60C51F-EFD1-4CAC-8F86-A927C5C14A7E}.Release|Any CPU.Build.0 = Release|Any CPU
		{5C60C51F-EFD1-4CAC-8F86-A927C5C14A7E}.Release|Any CPU.Deploy.0 = Release|Any CPU
	EndGlobalSection
	GlobalSection(SolutionProperties) = preSolution
		HideSolutionNode = FALSE
	EndGlobalSection
	GlobalSection(ExtensibilityGlobals) = postSolution
		SolutionGuid = {4C92896D-1D42-42F4-BB5D-C3EE82D49D69}
	EndGlobalSection
EndGlobal
